
Microsoft Visual Studio Solution File, Format Version 12.00
# Visual Studio Version 17
VisualStudioVersion = 17.9.34622.214
MinimumVisualStudioVersion = 10.0.40219.1
Project("{FAE04EC0-301F-11D3-BF4B-00C04F79EFBC}") = "TestConsoleApp", "TestConsoleApp\TestConsoleApp.csproj", "{37E07DF3-C5EE-4A41-8F0C-B396932DB1B7}"
EndProject
Global
	GlobalSection(SolutionConfigurationPlatforms) = preSolution
		Debug|Any CPU = Debug|Any CPU
		Release|Any CPU = Release|Any CPU
	EndGlobalSection
	GlobalSection(ProjectConfigurationPlatforms) = postSolution
		{37E07DF3-C5EE-4A41-8F0C-B396932DB1B7}.Debug|Any CPU.ActiveCfg = Debug|Any CPU
		{37E07DF3-C5EE-4A41-8F0C-B396932DB1B7}.Debug|Any CPU.Build.0 = Debug|Any CPU
		{37E07DF3-C5EE-4A41-8F0C-B396932DB1B7}.Release|Any CPU.ActiveCfg = Release|Any CPU
		{37E07DF3-C5EE-4A41-8F0C-B396932DB1B7}.Release|Any CPU.Build.0 = Release|Any CPU
	EndGlobalSection
	GlobalSection(SolutionProperties) = preSolution
		HideSolutionNode = FALSE
	EndGlobalSection
	GlobalSection(ExtensibilityGlobals) = postSolution
		SolutionGuid = {E2CA592A-D2C1-4A35-B6FA-464E7802B7AF}
	EndGlobalSection
EndGlobal
